
Microsoft Visual Studio Solution File, Format Version 12.00
# Visual Studio 15
VisualStudioVersion = 15.0.28307.902
MinimumVisualStudioVersion = 10.0.40219.1
Project("{FAE04EC0-301F-11D3-BF4B-00C04F79EFBC}") = "Client.WinService", "src\app\Client.WinService\Client.WinService.csproj", "{0DF065FC-0006-4B94-91B3-B93BDDAABD94}"
EndProject
Project("{2150E333-8FDC-42A3-9474-1A3956D46DE8}") = "src", "src", "{7C5F905B-24EC-45DA-9BCA-90BBBC3FA106}"
EndProject
Project("{2150E333-8FDC-42A3-9474-1A3956D46DE8}") = "tests", "tests", "{14272835-3B4A-4045-92DA-11F63BCF1212}"
EndProject
Project("{FAE04EC0-301F-11D3-BF4B-00C04F79EFBC}") = "Client.ServiceInstaller", "src\libs\Client.ServiceInstaller\Client.ServiceInstaller.csproj", "{BDE57817-B5F6-43DB-A489-E5729F0A9CC1}"
EndProject
Project("{FAE04EC0-301F-11D3-BF4B-00C04F79EFBC}") = "Client.Data", "src\app\Client.Data\Client.Data.csproj", "{46C6CCB4-373C-4119-A9A4-0AEB6EE92F70}"
EndProject
Project("{2150E333-8FDC-42A3-9474-1A3956D46DE8}") = "app", "app", "{B73C1E5D-5BFC-47DF-B1E7-006ECE0839BF}"
EndProject
Project("{2150E333-8FDC-42A3-9474-1A3956D46DE8}") = "libs", "libs", "{0BB4A942-B63F-447B-A13A-6E089A8F88E5}"
EndProject
Project("{2150E333-8FDC-42A3-9474-1A3956D46DE8}") = "infrastructure", "infrastructure", "{66056597-DCE2-4EFB-A5CB-D4C8EC8EC87B}"
EndProject
Project("{FAE04EC0-301F-11D3-BF4B-00C04F79EFBC}") = "Client.Data.Configuration", "src\infrastructure\Client.Data.Configuration\Client.Data.Configuration.csproj", "{4D60DC23-E241-4FA7-94D8-A62303E3442F}"
EndProject
Project("{FAE04EC0-301F-11D3-BF4B-00C04F79EFBC}") = "Client.Core", "src\app\Client.Core\Client.Core.csproj", "{FA637B7A-3A18-4F25-8677-0A13BC46EF34}"
EndProject
Global
	GlobalSection(SolutionConfigurationPlatforms) = preSolution
		Debug|Any CPU = Debug|Any CPU
		Release|Any CPU = Release|Any CPU
	EndGlobalSection
	GlobalSection(ProjectConfigurationPlatforms) = postSolution
		{0DF065FC-0006-4B94-91B3-B93BDDAABD94}.Debug|Any CPU.ActiveCfg = Debug|Any CPU
		{0DF065FC-0006-4B94-91B3-B93BDDAABD94}.Debug|Any CPU.Build.0 = Debug|Any CPU
		{0DF065FC-0006-4B94-91B3-B93BDDAABD94}.Release|Any CPU.ActiveCfg = Release|Any CPU
		{0DF065FC-0006-4B94-91B3-B93BDDAABD94}.Release|Any CPU.Build.0 = Release|Any CPU
		{BDE57817-B5F6-43DB-A489-E5729F0A9CC1}.Debug|Any CPU.ActiveCfg = Debug|Any CPU
		{BDE57817-B5F6-43DB-A489-E5729F0A9CC1}.Debug|Any CPU.Build.0 = Debug|Any CPU
		{BDE57817-B5F6-43DB-A489-E5729F0A9CC1}.Release|Any CPU.ActiveCfg = Release|Any CPU
		{BDE57817-B5F6-43DB-A489-E5729F0A9CC1}.Release|Any CPU.Build.0 = Release|Any CPU
		{46C6CCB4-373C-4119-A9A4-0AEB6EE92F70}.Debug|Any CPU.ActiveCfg = Debug|Any CPU
		{46C6CCB4-373C-4119-A9A4-0AEB6EE92F70}.Debug|Any CPU.Build.0 = Debug|Any CPU
		{46C6CCB4-373C-4119-A9A4-0AEB6EE92F70}.Release|Any CPU.ActiveCfg = Release|Any CPU
		{46C6CCB4-373C-4119-A9A4-0AEB6EE92F70}.Release|Any CPU.Build.0 = Release|Any CPU
		{4D60DC23-E241-4FA7-94D8-A62303E3442F}.Debug|Any CPU.ActiveCfg = Debug|Any CPU
		{4D60DC23-E241-4FA7-94D8-A62303E3442F}.Debug|Any CPU.Build.0 = Debug|Any CPU
		{4D60DC23-E241-4FA7-94D8-A62303E3442F}.Release|Any CPU.ActiveCfg = Release|Any CPU
		{4D60DC23-E241-4FA7-94D8-A62303E3442F}.Release|Any CPU.Build.0 = Release|Any CPU
		{FA637B7A-3A18-4F25-8677-0A13BC46EF34}.Debug|Any CPU.ActiveCfg = Debug|Any CPU
		{FA637B7A-3A18-4F25-8677-0A13BC46EF34}.Debug|Any CPU.Build.0 = Debug|Any CPU
		{FA637B7A-3A18-4F25-8677-0A13BC46EF34}.Release|Any CPU.ActiveCfg = Release|Any CPU
		{FA637B7A-3A18-4F25-8677-0A13BC46EF34}.Release|Any CPU.Build.0 = Release|Any CPU
	EndGlobalSection
	GlobalSection(SolutionProperties) = preSolution
		HideSolutionNode = FALSE
	EndGlobalSection
	GlobalSection(NestedProjects) = preSolution
		{0DF065FC-0006-4B94-91B3-B93BDDAABD94} = {B73C1E5D-5BFC-47DF-B1E7-006ECE0839BF}
		{BDE57817-B5F6-43DB-A489-E5729F0A9CC1} = {0BB4A942-B63F-447B-A13A-6E089A8F88E5}
		{46C6CCB4-373C-4119-A9A4-0AEB6EE92F70} = {B73C1E5D-5BFC-47DF-B1E7-006ECE0839BF}
		{B73C1E5D-5BFC-47DF-B1E7-006ECE0839BF} = {7C5F905B-24EC-45DA-9BCA-90BBBC3FA106}
		{0BB4A942-B63F-447B-A13A-6E089A8F88E5} = {7C5F905B-24EC-45DA-9BCA-90BBBC3FA106}
		{66056597-DCE2-4EFB-A5CB-D4C8EC8EC87B} = {7C5F905B-24EC-45DA-9BCA-90BBBC3FA106}
		{4D60DC23-E241-4FA7-94D8-A62303E3442F} = {66056597-DCE2-4EFB-A5CB-D4C8EC8EC87B}
		{FA637B7A-3A18-4F25-8677-0A13BC46EF34} = {B73C1E5D-5BFC-47DF-B1E7-006ECE0839BF}
	EndGlobalSection
	GlobalSection(ExtensibilityGlobals) = postSolution
		SolutionGuid = {10CFA5AD-01AF-4077-B77C-54E437080C7A}
	EndGlobalSection
EndGlobal
