
Microsoft Visual Studio Solution File, Format Version 12.00
# Visual Studio 15
VisualStudioVersion = 15.0.28307.852
MinimumVisualStudioVersion = 10.0.40219.1
Project("{FAE04EC0-301F-11D3-BF4B-00C04F79EFBC}") = "AsyncAwait.Task1.CancellationTokens", "AsyncAwait.Task1.CancellationTokens\AsyncAwait.Task1.CancellationTokens.csproj", "{1107C171-D80B-4EB1-859B-663AA6691812}"
EndProject
Project("{FAE04EC0-301F-11D3-BF4B-00C04F79EFBC}") = "AsyncAwait.Task2.CodeReviewChallenge", "AsyncAwait.Task2.CodeReviewChallenge\AsyncAwait.Task2.CodeReviewChallenge.csproj", "{79FB116B-EA1B-4FDE-AAC9-8F51916FC639}"
EndProject
Project("{FAE04EC0-301F-11D3-BF4B-00C04F79EFBC}") = "GrandStatistics", "GrandStatistics\GrandStatistics.csproj", "{92760FF1-D83F-485E-B7E0-D1A302E43993}"
EndProject
Project("{FAE04EC0-301F-11D3-BF4B-00C04F79EFBC}") = "AsyncAwait.Task2.CodeReviewChallenge.Tests", "AsyncAwait.Task2.CodeReviewChallenge.Tests\AsyncAwait.Task2.CodeReviewChallenge.Tests.csproj", "{2454FCCB-E49D-4BB4-B92D-96A5778F6562}"
EndProject
Global
	GlobalSection(SolutionConfigurationPlatforms) = preSolution
		Debug|Any CPU = Debug|Any CPU
		Release|Any CPU = Release|Any CPU
	EndGlobalSection
	GlobalSection(ProjectConfigurationPlatforms) = postSolution
		{1107C171-D80B-4EB1-859B-663AA6691812}.Debug|Any CPU.ActiveCfg = Debug|Any CPU
		{1107C171-D80B-4EB1-859B-663AA6691812}.Debug|Any CPU.Build.0 = Debug|Any CPU
		{1107C171-D80B-4EB1-859B-663AA6691812}.Release|Any CPU.ActiveCfg = Release|Any CPU
		{1107C171-D80B-4EB1-859B-663AA6691812}.Release|Any CPU.Build.0 = Release|Any CPU
		{79FB116B-EA1B-4FDE-AAC9-8F51916FC639}.Debug|Any CPU.ActiveCfg = Debug|Any CPU
		{79FB116B-EA1B-4FDE-AAC9-8F51916FC639}.Debug|Any CPU.Build.0 = Debug|Any CPU
		{79FB116B-EA1B-4FDE-AAC9-8F51916FC639}.Release|Any CPU.ActiveCfg = Release|Any CPU
		{79FB116B-EA1B-4FDE-AAC9-8F51916FC639}.Release|Any CPU.Build.0 = Release|Any CPU
		{92760FF1-D83F-485E-B7E0-D1A302E43993}.Debug|Any CPU.ActiveCfg = Debug|Any CPU
		{92760FF1-D83F-485E-B7E0-D1A302E43993}.Debug|Any CPU.Build.0 = Debug|Any CPU
		{92760FF1-D83F-485E-B7E0-D1A302E43993}.Release|Any CPU.ActiveCfg = Release|Any CPU
		{92760FF1-D83F-485E-B7E0-D1A302E43993}.Release|Any CPU.Build.0 = Release|Any CPU
		{2454FCCB-E49D-4BB4-B92D-96A5778F6562}.Debug|Any CPU.ActiveCfg = Debug|Any CPU
		{2454FCCB-E49D-4BB4-B92D-96A5778F6562}.Debug|Any CPU.Build.0 = Debug|Any CPU
		{2454FCCB-E49D-4BB4-B92D-96A5778F6562}.Release|Any CPU.ActiveCfg = Release|Any CPU
		{2454FCCB-E49D-4BB4-B92D-96A5778F6562}.Release|Any CPU.Build.0 = Release|Any CPU
	EndGlobalSection
	GlobalSection(SolutionProperties) = preSolution
		HideSolutionNode = FALSE
	EndGlobalSection
	GlobalSection(ExtensibilityGlobals) = postSolution
		SolutionGuid = {9B1FF3E1-371D-436F-979E-697709A3A104}
	EndGlobalSection
EndGlobal
